
Microsoft Visual Studio Solution File, Format Version 12.00
# Visual Studio Version 17
VisualStudioVersion = 17.14.36518.9 d17.14
MinimumVisualStudioVersion = 10.0.40219.1
Project("{FAE04EC0-301F-11D3-BF4B-00C04F79EFBC}") = "EWSPoC", "EWSPoC.csproj", "{8546E8F7-78A0-4E7B-B0E3-3D20828E0EF4}"
EndProject
Global
	GlobalSection(SolutionConfigurationPlatforms) = preSolution
		Debug|Any CPU = Debug|Any CPU
		Release|Any CPU = Release|Any CPU
	EndGlobalSection
	GlobalSection(ProjectConfigurationPlatforms) = postSolution
		{8546E8F7-78A0-4E7B-B0E3-3D20828E0EF4}.Debug|Any CPU.ActiveCfg = Debug|Any CPU
		{8546E8F7-78A0-4E7B-B0E3-3D20828E0EF4}.Debug|Any CPU.Build.0 = Debug|Any CPU
		{8546E8F7-78A0-4E7B-B0E3-3D20828E0EF4}.Release|Any CPU.ActiveCfg = Release|Any CPU
		{8546E8F7-78A0-4E7B-B0E3-3D20828E0EF4}.Release|Any CPU.Build.0 = Release|Any CPU
	EndGlobalSection
	GlobalSection(SolutionProperties) = preSolution
		HideSolutionNode = FALSE
	EndGlobalSection
	GlobalSection(ExtensibilityGlobals) = postSolution
		SolutionGuid = {60395A7B-780E-45E8-B68C-346E0671E5D0}
	EndGlobalSection
EndGlobal
